
Microsoft Visual Studio Solution File, Format Version 12.00
# Visual Studio 14
VisualStudioVersion = 14.0.23107.0
MinimumVisualStudioVersion = 10.0.40219.1
Project("{FAE04EC0-301F-11D3-BF4B-00C04F79EFBC}") = "FlashFlashRevolutionAI", "FlashFlashRevolutionAI\FlashFlashRevolutionAI.csproj", "{5DAFFCA4-65A0-4FEF-8468-F97419206437}"
EndProject
Global
	GlobalSection(SolutionConfigurationPlatforms) = preSolution
		Debug|Any CPU = Debug|Any CPU
		Release|Any CPU = Release|Any CPU
	EndGlobalSection
	GlobalSection(ProjectConfigurationPlatforms) = postSolution
		{5DAFFCA4-65A0-4FEF-8468-F97419206437}.Debug|Any CPU.ActiveCfg = Debug|Any CPU
		{5DAFFCA4-65A0-4FEF-8468-F97419206437}.Debug|Any CPU.Build.0 = Debug|Any CPU
		{5DAFFCA4-65A0-4FEF-8468-F97419206437}.Release|Any CPU.ActiveCfg = Release|Any CPU
		{5DAFFCA4-65A0-4FEF-8468-F97419206437}.Release|Any CPU.Build.0 = Release|Any CPU
	EndGlobalSection
	GlobalSection(SolutionProperties) = preSolution
		HideSolutionNode = FALSE
	EndGlobalSection
EndGlobal
